
Microsoft Visual Studio Solution File, Format Version 12.00
# Visual Studio Version 16
VisualStudioVersion = 16.0.30517.126
MinimumVisualStudioVersion = 10.0.40219.1
Project("{FAE04EC0-301F-11D3-BF4B-00C04F79EFBC}") = "ViewToController", "ViewToController\ViewToController.csproj", "{4CD1875C-7595-446E-8A30-BAA71D4C10AE}"
EndProject
Global
	GlobalSection(SolutionConfigurationPlatforms) = preSolution
		Debug|Any CPU = Debug|Any CPU
		Release|Any CPU = Release|Any CPU
	EndGlobalSection
	GlobalSection(ProjectConfigurationPlatforms) = postSolution
		{4CD1875C-7595-446E-8A30-BAA71D4C10AE}.Debug|Any CPU.ActiveCfg = Debug|Any CPU
		{4CD1875C-7595-446E-8A30-BAA71D4C10AE}.Debug|Any CPU.Build.0 = Debug|Any CPU
		{4CD1875C-7595-446E-8A30-BAA71D4C10AE}.Release|Any CPU.ActiveCfg = Release|Any CPU
		{4CD1875C-7595-446E-8A30-BAA71D4C10AE}.Release|Any CPU.Build.0 = Release|Any CPU
	EndGlobalSection
	GlobalSection(SolutionProperties) = preSolution
		HideSolutionNode = FALSE
	EndGlobalSection
	GlobalSection(ExtensibilityGlobals) = postSolution
		SolutionGuid = {8FCAC90A-0A35-41B2-9AB5-6B0A1F35162A}
	EndGlobalSection
EndGlobal
